
Microsoft Visual Studio Solution File, Format Version 12.00
# Visual Studio 15
VisualStudioVersion = 15.0.27004.2005
MinimumVisualStudioVersion = 10.0.40219.1
Project("{FAE04EC0-301F-11D3-BF4B-00C04F79EFBC}") = "AccessBattle", "AccessBattle\AccessBattle.csproj", "{F17F07F0-81F9-4320-A0C0-E9BBE9F6869C}"
EndProject
Project("{FAE04EC0-301F-11D3-BF4B-00C04F79EFBC}") = "AccessBattleServer", "AccessBattleServer\AccessBattleServer.csproj", "{478F55E4-76ED-4592-8EF8-3D7A4F09DF31}"
EndProject
Project("{FAE04EC0-301F-11D3-BF4B-00C04F79EFBC}") = "AccessBattleTests", "AccessBattleTests\AccessBattleTests.csproj", "{5370C3CC-4251-4B77-BF70-842470012338}"
EndProject
Project("{FAE04EC0-301F-11D3-BF4B-00C04F79EFBC}") = "AccessBattleWpf", "AccessBattleWpf\AccessBattleWpf.csproj", "{DF72316F-1CCC-4FCE-A42E-03E31790264E}"
	ProjectSection(ProjectDependencies) = postProject
		{C3860788-4988-49DC-A2DC-3B3D28472798} = {C3860788-4988-49DC-A2DC-3B3D28472798}
	EndProjectSection
EndProject
Project("{FAE04EC0-301F-11D3-BF4B-00C04F79EFBC}") = "AccessBattleAI", "AccessBattleAI\AccessBattleAI.csproj", "{C3860788-4988-49DC-A2DC-3B3D28472798}"
EndProject
Project("{FAE04EC0-301F-11D3-BF4B-00C04F79EFBC}") = "AccessBattleConsole", "AccessBattleConsole\AccessBattleConsole.csproj", "{FFCE0BDD-D0AC-457C-BFF2-DBA007EE63B7}"
	ProjectSection(ProjectDependencies) = postProject
		{C3860788-4988-49DC-A2DC-3B3D28472798} = {C3860788-4988-49DC-A2DC-3B3D28472798}
	EndProjectSection
EndProject
Global
	GlobalSection(SolutionConfigurationPlatforms) = preSolution
		Debug|Any CPU = Debug|Any CPU
		Release|Any CPU = Release|Any CPU
	EndGlobalSection
	GlobalSection(ProjectConfigurationPlatforms) = postSolution
		{F17F07F0-81F9-4320-A0C0-E9BBE9F6869C}.Debug|Any CPU.ActiveCfg = Debug|Any CPU
		{F17F07F0-81F9-4320-A0C0-E9BBE9F6869C}.Debug|Any CPU.Build.0 = Debug|Any CPU
		{F17F07F0-81F9-4320-A0C0-E9BBE9F6869C}.Release|Any CPU.ActiveCfg = Release|Any CPU
		{F17F07F0-81F9-4320-A0C0-E9BBE9F6869C}.Release|Any CPU.Build.0 = Release|Any CPU
		{478F55E4-76ED-4592-8EF8-3D7A4F09DF31}.Debug|Any CPU.ActiveCfg = Debug|Any CPU
		{478F55E4-76ED-4592-8EF8-3D7A4F09DF31}.Debug|Any CPU.Build.0 = Debug|Any CPU
		{478F55E4-76ED-4592-8EF8-3D7A4F09DF31}.Release|Any CPU.ActiveCfg = Release|Any CPU
		{478F55E4-76ED-4592-8EF8-3D7A4F09DF31}.Release|Any CPU.Build.0 = Release|Any CPU
		{5370C3CC-4251-4B77-BF70-842470012338}.Debug|Any CPU.ActiveCfg = Debug|Any CPU
		{5370C3CC-4251-4B77-BF70-842470012338}.Debug|Any CPU.Build.0 = Debug|Any CPU
		{5370C3CC-4251-4B77-BF70-842470012338}.Release|Any CPU.ActiveCfg = Release|Any CPU
		{5370C3CC-4251-4B77-BF70-842470012338}.Release|Any CPU.Build.0 = Release|Any CPU
		{DF72316F-1CCC-4FCE-A42E-03E31790264E}.Debug|Any CPU.ActiveCfg = Debug|Any CPU
		{DF72316F-1CCC-4FCE-A42E-03E31790264E}.Debug|Any CPU.Build.0 = Debug|Any CPU
		{DF72316F-1CCC-4FCE-A42E-03E31790264E}.Release|Any CPU.ActiveCfg = Release|Any CPU
		{DF72316F-1CCC-4FCE-A42E-03E31790264E}.Release|Any CPU.Build.0 = Release|Any CPU
		{C3860788-4988-49DC-A2DC-3B3D28472798}.Debug|Any CPU.ActiveCfg = Debug|Any CPU
		{C3860788-4988-49DC-A2DC-3B3D28472798}.Debug|Any CPU.Build.0 = Debug|Any CPU
		{C3860788-4988-49DC-A2DC-3B3D28472798}.Release|Any CPU.ActiveCfg = Release|Any CPU
		{C3860788-4988-49DC-A2DC-3B3D28472798}.Release|Any CPU.Build.0 = Release|Any CPU
		{FFCE0BDD-D0AC-457C-BFF2-DBA007EE63B7}.Debug|Any CPU.ActiveCfg = Debug|Any CPU
		{FFCE0BDD-D0AC-457C-BFF2-DBA007EE63B7}.Debug|Any CPU.Build.0 = Debug|Any CPU
		{FFCE0BDD-D0AC-457C-BFF2-DBA007EE63B7}.Release|Any CPU.ActiveCfg = Release|Any CPU
		{FFCE0BDD-D0AC-457C-BFF2-DBA007EE63B7}.Release|Any CPU.Build.0 = Release|Any CPU
	EndGlobalSection
	GlobalSection(SolutionProperties) = preSolution
		HideSolutionNode = FALSE
	EndGlobalSection
	GlobalSection(ExtensibilityGlobals) = postSolution
		SolutionGuid = {45937258-6B5A-49A9-8018-C7345E0ABEF2}
	EndGlobalSection
EndGlobal
