
Microsoft Visual Studio Solution File, Format Version 12.00
# Visual Studio 14
VisualStudioVersion = 14.0.25420.1
MinimumVisualStudioVersion = 10.0.40219.1
Project("{FAE04EC0-301F-11D3-BF4B-00C04F79EFBC}") = "AccessBattleWpf", "AccessBattleWpf\AccessBattleWpf.csproj", "{4623AB4C-ADB7-4F39-B1EC-316848BE7D98}"
EndProject
Project("{FAE04EC0-301F-11D3-BF4B-00C04F79EFBC}") = "AccessBattle", "AccessBattle\AccessBattle.csproj", "{61849727-750C-44BF-8EF1-E3B4FF48E964}"
EndProject
Project("{FAE04EC0-301F-11D3-BF4B-00C04F79EFBC}") = "AccessBattleServer", "AccessBattleServer\AccessBattleServer.csproj", "{9882C54C-6EF5-4DFF-8D17-7F6EABF963B4}"
EndProject
Global
	GlobalSection(SolutionConfigurationPlatforms) = preSolution
		Debug|Any CPU = Debug|Any CPU
		Release|Any CPU = Release|Any CPU
	EndGlobalSection
	GlobalSection(ProjectConfigurationPlatforms) = postSolution
		{4623AB4C-ADB7-4F39-B1EC-316848BE7D98}.Debug|Any CPU.ActiveCfg = Debug|Any CPU
		{4623AB4C-ADB7-4F39-B1EC-316848BE7D98}.Debug|Any CPU.Build.0 = Debug|Any CPU
		{4623AB4C-ADB7-4F39-B1EC-316848BE7D98}.Release|Any CPU.ActiveCfg = Release|Any CPU
		{4623AB4C-ADB7-4F39-B1EC-316848BE7D98}.Release|Any CPU.Build.0 = Release|Any CPU
		{61849727-750C-44BF-8EF1-E3B4FF48E964}.Debug|Any CPU.ActiveCfg = Debug|Any CPU
		{61849727-750C-44BF-8EF1-E3B4FF48E964}.Debug|Any CPU.Build.0 = Debug|Any CPU
		{61849727-750C-44BF-8EF1-E3B4FF48E964}.Release|Any CPU.ActiveCfg = Release|Any CPU
		{61849727-750C-44BF-8EF1-E3B4FF48E964}.Release|Any CPU.Build.0 = Release|Any CPU
		{9882C54C-6EF5-4DFF-8D17-7F6EABF963B4}.Debug|Any CPU.ActiveCfg = Debug|Any CPU
		{9882C54C-6EF5-4DFF-8D17-7F6EABF963B4}.Debug|Any CPU.Build.0 = Debug|Any CPU
		{9882C54C-6EF5-4DFF-8D17-7F6EABF963B4}.Release|Any CPU.ActiveCfg = Release|Any CPU
		{9882C54C-6EF5-4DFF-8D17-7F6EABF963B4}.Release|Any CPU.Build.0 = Release|Any CPU
	EndGlobalSection
	GlobalSection(SolutionProperties) = preSolution
		HideSolutionNode = FALSE
	EndGlobalSection
EndGlobal
